
Microsoft Visual Studio Solution File, Format Version 12.00
# Visual Studio Version 17
VisualStudioVersion = 17.6.33801.468
MinimumVisualStudioVersion = 10.0.40219.1
Project("{9A19103F-16F7-4668-BE54-9A1E7A4F7556}") = "DevFreela.API", "DevFreela.API\DevFreela.API.csproj", "{BBC6BBEE-2F4B-4503-BCEF-3AC479D74FA8}"
EndProject
Project("{9A19103F-16F7-4668-BE54-9A1E7A4F7556}") = "DevFreela.Core", "DevFreela.Core\DevFreela.Core.csproj", "{7860380C-313D-4616-BB80-B9C209F095A5}"
EndProject
Project("{FAE04EC0-301F-11D3-BF4B-00C04F79EFBC}") = "DevFreela.Infrastructure", "DevFreela.Infrastructure\DevFreela.Infrastructure.csproj", "{55E45FD7-ECD8-4405-8233-639455F30043}"
EndProject
Project("{FAE04EC0-301F-11D3-BF4B-00C04F79EFBC}") = "DevFreela.Application", "DevFreela.Application\DevFreela.Application.csproj", "{4FF224A7-596B-4BCB-B883-2B19E9B79D8A}"
EndProject
Global
	GlobalSection(SolutionConfigurationPlatforms) = preSolution
		Debug|Any CPU = Debug|Any CPU
		Release|Any CPU = Release|Any CPU
	EndGlobalSection
	GlobalSection(ProjectConfigurationPlatforms) = postSolution
		{BBC6BBEE-2F4B-4503-BCEF-3AC479D74FA8}.Debug|Any CPU.ActiveCfg = Debug|Any CPU
		{BBC6BBEE-2F4B-4503-BCEF-3AC479D74FA8}.Debug|Any CPU.Build.0 = Debug|Any CPU
		{BBC6BBEE-2F4B-4503-BCEF-3AC479D74FA8}.Release|Any CPU.ActiveCfg = Release|Any CPU
		{BBC6BBEE-2F4B-4503-BCEF-3AC479D74FA8}.Release|Any CPU.Build.0 = Release|Any CPU
		{7860380C-313D-4616-BB80-B9C209F095A5}.Debug|Any CPU.ActiveCfg = Debug|Any CPU
		{7860380C-313D-4616-BB80-B9C209F095A5}.Debug|Any CPU.Build.0 = Debug|Any CPU
		{7860380C-313D-4616-BB80-B9C209F095A5}.Release|Any CPU.ActiveCfg = Release|Any CPU
		{7860380C-313D-4616-BB80-B9C209F095A5}.Release|Any CPU.Build.0 = Release|Any CPU
		{55E45FD7-ECD8-4405-8233-639455F30043}.Debug|Any CPU.ActiveCfg = Debug|Any CPU
		{55E45FD7-ECD8-4405-8233-639455F30043}.Debug|Any CPU.Build.0 = Debug|Any CPU
		{55E45FD7-ECD8-4405-8233-639455F30043}.Release|Any CPU.ActiveCfg = Release|Any CPU
		{55E45FD7-ECD8-4405-8233-639455F30043}.Release|Any CPU.Build.0 = Release|Any CPU
		{4FF224A7-596B-4BCB-B883-2B19E9B79D8A}.Debug|Any CPU.ActiveCfg = Debug|Any CPU
		{4FF224A7-596B-4BCB-B883-2B19E9B79D8A}.Debug|Any CPU.Build.0 = Debug|Any CPU
		{4FF224A7-596B-4BCB-B883-2B19E9B79D8A}.Release|Any CPU.ActiveCfg = Release|Any CPU
		{4FF224A7-596B-4BCB-B883-2B19E9B79D8A}.Release|Any CPU.Build.0 = Release|Any CPU
	EndGlobalSection
	GlobalSection(SolutionProperties) = preSolution
		HideSolutionNode = FALSE
	EndGlobalSection
	GlobalSection(ExtensibilityGlobals) = postSolution
		SolutionGuid = {F4DC8008-5810-4D9F-A84C-92FA95CBE159}
	EndGlobalSection
EndGlobal
